
Microsoft Visual Studio Solution File, Format Version 12.00
# Visual Studio Version 17
VisualStudioVersion = 17.2.32505.173
MinimumVisualStudioVersion = 10.0.40219.1
Project("{FAE04EC0-301F-11D3-BF4B-00C04F79EFBC}") = "filecsv", "filecsv\filecsv.csproj", "{5085BC36-E051-40D5-A552-D582EC6D3875}"
EndProject
Global
	GlobalSection(SolutionConfigurationPlatforms) = preSolution
		Debug|Any CPU = Debug|Any CPU
		Release|Any CPU = Release|Any CPU
	EndGlobalSection
	GlobalSection(ProjectConfigurationPlatforms) = postSolution
		{5085BC36-E051-40D5-A552-D582EC6D3875}.Debug|Any CPU.ActiveCfg = Debug|Any CPU
		{5085BC36-E051-40D5-A552-D582EC6D3875}.Debug|Any CPU.Build.0 = Debug|Any CPU
		{5085BC36-E051-40D5-A552-D582EC6D3875}.Release|Any CPU.ActiveCfg = Release|Any CPU
		{5085BC36-E051-40D5-A552-D582EC6D3875}.Release|Any CPU.Build.0 = Release|Any CPU
	EndGlobalSection
	GlobalSection(SolutionProperties) = preSolution
		HideSolutionNode = FALSE
	EndGlobalSection
	GlobalSection(ExtensibilityGlobals) = postSolution
		SolutionGuid = {5270DD79-DBCD-4C8D-8048-72EBBBECAB3E}
	EndGlobalSection
EndGlobal
